
Microsoft Visual Studio Solution File, Format Version 12.00
# Visual Studio 15
VisualStudioVersion = 15.0.28307.572
MinimumVisualStudioVersion = 10.0.40219.1
Project("{FAE04EC0-301F-11D3-BF4B-00C04F79EFBC}") = "WindowsFormsApp1", "WindowsFormsApp1\WindowsFormsApp1.csproj", "{3100F631-96B6-4071-ADB1-3C6F9D1FBBD6}"
EndProject
Global
	GlobalSection(SolutionConfigurationPlatforms) = preSolution
		Debug|Any CPU = Debug|Any CPU
		Release|Any CPU = Release|Any CPU
	EndGlobalSection
	GlobalSection(ProjectConfigurationPlatforms) = postSolution
		{3100F631-96B6-4071-ADB1-3C6F9D1FBBD6}.Debug|Any CPU.ActiveCfg = Debug|Any CPU
		{3100F631-96B6-4071-ADB1-3C6F9D1FBBD6}.Debug|Any CPU.Build.0 = Debug|Any CPU
		{3100F631-96B6-4071-ADB1-3C6F9D1FBBD6}.Release|Any CPU.ActiveCfg = Release|Any CPU
		{3100F631-96B6-4071-ADB1-3C6F9D1FBBD6}.Release|Any CPU.Build.0 = Release|Any CPU
	EndGlobalSection
	GlobalSection(SolutionProperties) = preSolution
		HideSolutionNode = FALSE
	EndGlobalSection
	GlobalSection(ExtensibilityGlobals) = postSolution
		SolutionGuid = {B8F37FDD-388A-4F06-8A31-9C8DFE330FB0}
	EndGlobalSection
EndGlobal
